
Microsoft Visual Studio Solution File, Format Version 12.00
# Visual Studio Version 16
VisualStudioVersion = 16.0.30309.148
MinimumVisualStudioVersion = 10.0.40219.1
Project("{FAE04EC0-301F-11D3-BF4B-00C04F79EFBC}") = "FoodBookAPI", "FoodBookAPI\FoodBookAPI.csproj", "{185D273A-B68E-4ACA-A74F-E6F3FEC4F0EA}"
EndProject
Global
	GlobalSection(SolutionConfigurationPlatforms) = preSolution
		Debug|Any CPU = Debug|Any CPU
		Release|Any CPU = Release|Any CPU
	EndGlobalSection
	GlobalSection(ProjectConfigurationPlatforms) = postSolution
		{185D273A-B68E-4ACA-A74F-E6F3FEC4F0EA}.Debug|Any CPU.ActiveCfg = Debug|Any CPU
		{185D273A-B68E-4ACA-A74F-E6F3FEC4F0EA}.Debug|Any CPU.Build.0 = Debug|Any CPU
		{185D273A-B68E-4ACA-A74F-E6F3FEC4F0EA}.Release|Any CPU.ActiveCfg = Release|Any CPU
		{185D273A-B68E-4ACA-A74F-E6F3FEC4F0EA}.Release|Any CPU.Build.0 = Release|Any CPU
	EndGlobalSection
	GlobalSection(SolutionProperties) = preSolution
		HideSolutionNode = FALSE
	EndGlobalSection
	GlobalSection(ExtensibilityGlobals) = postSolution
		SolutionGuid = {C4B597CB-8756-4A76-B899-85603DC0F395}
	EndGlobalSection
EndGlobal
